# This file is automatically @generated by Cargo.
# It is not intended for manual editing.
version = 4

[[package]]
name = "metrix-engine"
version = "0.0.0"

[[package]]
name = "metrix-gen"
version = "0.0.0"

[[package]]
name = "metrix-metrics"
version = "0.0.0"

[[package]]
name = "metrix-mock"
version = "0.0.0"

[[package]]
name = "metrix-plan"
version = "0.0.0"
